{
  "lockfileVersion": 1,
  "workspaces": {
    "": {
      "name": "rconv-frontend",
      "dependencies": {
        "@picocss/pico": "^2.1.1",
        "preact": "^10.27.2",
      },
    },
  },
  "packages": {
    "@picocss/pico": ["@picocss/pico@2.1.1", "", {}, "sha512-kIDugA7Ps4U+2BHxiNHmvgPIQDWPDU4IeU6TNRdvXQM1uZX+FibqDQT2xUOnnO2yq/LUHcwnGlu1hvf4KfXnMg=="],

    "preact": ["preact@10.27.2", "", {}, "sha512-5SYSgFKSyhCbk6SrXyMpqjb5+MQBgfvEKE/OC+PujcY34sOpqtr+0AZQtPYx5IA6VxynQ7rUPCtKzyovpj9Bpg=="],
  }
}
